github.com/Elagoht/collage v0.43.0 h1:B6LblZNVRbz0uJti8ZcqcbMu+Jbk9PVzEPjFHFxOCA0=
github.com/Elagoht/collage v0.43.0/go.mod h1:tyGWGpujZXtCFFxn9pjws85HOFOt4QdiuRswwQhj1Qw=
github.com/Elagoht/collage-session v0.2.1 h1:+GXEFXT0idJPUGZZgL4R1SWX2AvbKBR5ftdCuhowvU8=
github.com/Elagoht/collage-session v0.2.1/go.mod h1:wNKVFR2d5EVhQPm6IrwhdpNIdwa6vRYwhZGoG8KshoU=
