github.com/Elagoht/collage v0.50.0 h1:5fcYkcr/8ZmyvLf7RN2HHC4vCH4YgXb7HVdDChOhiSc=
github.com/Elagoht/collage v0.50.0/go.mod h1:tyGWGpujZXtCFFxn9pjws85HOFOt4QdiuRswwQhj1Qw=
github.com/Elagoht/collage-session v0.2.3 h1:w+ivOAQvh1M3TXCZzaeW9ukKzIpggtdkJ+1G8h8+Bvo=
github.com/Elagoht/collage-session v0.2.3/go.mod h1:3Brq9x0q0Oxa0B1428Eto2uEL2g9AWWswUlj0p9FaQY=
